
Microsoft Visual Studio Solution File, Format Version 12.00
# Visual Studio 15
VisualStudioVersion = 15.0.27130.2027
MinimumVisualStudioVersion = 10.0.40219.1
Project("{FAE04EC0-301F-11D3-BF4B-00C04F79EFBC}") = "MyCompositeApp", "MyCompositeApp\MyCompositeApp.csproj", "{8762AE87-D38B-4F48-82F0-FF86770C4A3F}"
EndProject
Project("{FAE04EC0-301F-11D3-BF4B-00C04F79EFBC}") = "ModuleA", "ModuleA\ModuleA.csproj", "{AA343864-75C2-45D9-84AC-2DB2B2E276A4}"
EndProject
Project("{FAE04EC0-301F-11D3-BF4B-00C04F79EFBC}") = "Status", "Status\Status.csproj", "{F95CE3F9-51D7-4FC5-8610-76F06F668172}"
EndProject
Project("{FAE04EC0-301F-11D3-BF4B-00C04F79EFBC}") = "Log", "Log\Log.csproj", "{463B1D39-6825-4CCB-9ED7-41072FCF8048}"
EndProject
Project("{FAE04EC0-301F-11D3-BF4B-00C04F79EFBC}") = "Menu", "Menu\Menu.csproj", "{7FE9B512-5A40-44ED-8D97-BE197E5B1017}"
EndProject
Global
	GlobalSection(SolutionConfigurationPlatforms) = preSolution
		Debug|Any CPU = Debug|Any CPU
		Release|Any CPU = Release|Any CPU
	EndGlobalSection
	GlobalSection(ProjectConfigurationPlatforms) = postSolution
		{8762AE87-D38B-4F48-82F0-FF86770C4A3F}.Debug|Any CPU.ActiveCfg = Debug|Any CPU
		{8762AE87-D38B-4F48-82F0-FF86770C4A3F}.Debug|Any CPU.Build.0 = Debug|Any CPU
		{8762AE87-D38B-4F48-82F0-FF86770C4A3F}.Release|Any CPU.ActiveCfg = Release|Any CPU
		{8762AE87-D38B-4F48-82F0-FF86770C4A3F}.Release|Any CPU.Build.0 = Release|Any CPU
		{AA343864-75C2-45D9-84AC-2DB2B2E276A4}.Debug|Any CPU.ActiveCfg = Debug|Any CPU
		{AA343864-75C2-45D9-84AC-2DB2B2E276A4}.Debug|Any CPU.Build.0 = Debug|Any CPU
		{AA343864-75C2-45D9-84AC-2DB2B2E276A4}.Release|Any CPU.ActiveCfg = Release|Any CPU
		{AA343864-75C2-45D9-84AC-2DB2B2E276A4}.Release|Any CPU.Build.0 = Release|Any CPU
		{F95CE3F9-51D7-4FC5-8610-76F06F668172}.Debug|Any CPU.ActiveCfg = Debug|Any CPU
		{F95CE3F9-51D7-4FC5-8610-76F06F668172}.Debug|Any CPU.Build.0 = Debug|Any CPU
		{F95CE3F9-51D7-4FC5-8610-76F06F668172}.Release|Any CPU.ActiveCfg = Release|Any CPU
		{F95CE3F9-51D7-4FC5-8610-76F06F668172}.Release|Any CPU.Build.0 = Release|Any CPU
		{463B1D39-6825-4CCB-9ED7-41072FCF8048}.Debug|Any CPU.ActiveCfg = Debug|Any CPU
		{463B1D39-6825-4CCB-9ED7-41072FCF8048}.Debug|Any CPU.Build.0 = Debug|Any CPU
		{463B1D39-6825-4CCB-9ED7-41072FCF8048}.Release|Any CPU.ActiveCfg = Release|Any CPU
		{463B1D39-6825-4CCB-9ED7-41072FCF8048}.Release|Any CPU.Build.0 = Release|Any CPU
		{7FE9B512-5A40-44ED-8D97-BE197E5B1017}.Debug|Any CPU.ActiveCfg = Debug|Any CPU
		{7FE9B512-5A40-44ED-8D97-BE197E5B1017}.Debug|Any CPU.Build.0 = Debug|Any CPU
		{7FE9B512-5A40-44ED-8D97-BE197E5B1017}.Release|Any CPU.ActiveCfg = Release|Any CPU
		{7FE9B512-5A40-44ED-8D97-BE197E5B1017}.Release|Any CPU.Build.0 = Release|Any CPU
	EndGlobalSection
	GlobalSection(SolutionProperties) = preSolution
		HideSolutionNode = FALSE
	EndGlobalSection
	GlobalSection(ExtensibilityGlobals) = postSolution
		SolutionGuid = {796741AF-A652-4104-A54B-657954ABDDB2}
	EndGlobalSection
EndGlobal
