
Microsoft Visual Studio Solution File, Format Version 12.00
# Visual Studio 15
VisualStudioVersion = 15.0.27130.2027
MinimumVisualStudioVersion = 10.0.40219.1
Project("{FAE04EC0-301F-11D3-BF4B-00C04F79EFBC}") = "Lab09_PInvoke", "Lab09_PInvoke\Lab09_PInvoke.csproj", "{E4265F6F-9FCE-4DB8-8654-412BD85182F6}"
EndProject
Project("{FAE04EC0-301F-11D3-BF4B-00C04F79EFBC}") = "Delopgave03", "Delopgave03\Delopgave03.csproj", "{F433EA01-C56A-4391-916F-AAFDF124FE62}"
EndProject
Project("{8BC9CEB8-8B4A-11D0-8D11-00A0C91BC942}") = "Delopgave03_DLL", "Delopgave03_DLL\Delopgave03_DLL.vcxproj", "{CA83CFFD-24C6-416A-8236-EFA2958D287B}"
EndProject
Global
	GlobalSection(SolutionConfigurationPlatforms) = preSolution
		Debug|Any CPU = Debug|Any CPU
		Debug|x64 = Debug|x64
		Debug|x86 = Debug|x86
		Release|Any CPU = Release|Any CPU
		Release|x64 = Release|x64
		Release|x86 = Release|x86
	EndGlobalSection
	GlobalSection(ProjectConfigurationPlatforms) = postSolution
		{E4265F6F-9FCE-4DB8-8654-412BD85182F6}.Debug|Any CPU.ActiveCfg = Debug|Any CPU
		{E4265F6F-9FCE-4DB8-8654-412BD85182F6}.Debug|Any CPU.Build.0 = Debug|Any CPU
		{E4265F6F-9FCE-4DB8-8654-412BD85182F6}.Debug|x64.ActiveCfg = Debug|Any CPU
		{E4265F6F-9FCE-4DB8-8654-412BD85182F6}.Debug|x64.Build.0 = Debug|Any CPU
		{E4265F6F-9FCE-4DB8-8654-412BD85182F6}.Debug|x86.ActiveCfg = Debug|Any CPU
		{E4265F6F-9FCE-4DB8-8654-412BD85182F6}.Debug|x86.Build.0 = Debug|Any CPU
		{E4265F6F-9FCE-4DB8-8654-412BD85182F6}.Release|Any CPU.ActiveCfg = Release|Any CPU
		{E4265F6F-9FCE-4DB8-8654-412BD85182F6}.Release|Any CPU.Build.0 = Release|Any CPU
		{E4265F6F-9FCE-4DB8-8654-412BD85182F6}.Release|x64.ActiveCfg = Release|Any CPU
		{E4265F6F-9FCE-4DB8-8654-412BD85182F6}.Release|x64.Build.0 = Release|Any CPU
		{E4265F6F-9FCE-4DB8-8654-412BD85182F6}.Release|x86.ActiveCfg = Release|Any CPU
		{E4265F6F-9FCE-4DB8-8654-412BD85182F6}.Release|x86.Build.0 = Release|Any CPU
		{F433EA01-C56A-4391-916F-AAFDF124FE62}.Debug|Any CPU.ActiveCfg = Debug|Any CPU
		{F433EA01-C56A-4391-916F-AAFDF124FE62}.Debug|Any CPU.Build.0 = Debug|Any CPU
		{F433EA01-C56A-4391-916F-AAFDF124FE62}.Debug|x64.ActiveCfg = Debug|Any CPU
		{F433EA01-C56A-4391-916F-AAFDF124FE62}.Debug|x64.Build.0 = Debug|Any CPU
		{F433EA01-C56A-4391-916F-AAFDF124FE62}.Debug|x86.ActiveCfg = Debug|Any CPU
		{F433EA01-C56A-4391-916F-AAFDF124FE62}.Debug|x86.Build.0 = Debug|Any CPU
		{F433EA01-C56A-4391-916F-AAFDF124FE62}.Release|Any CPU.ActiveCfg = Release|Any CPU
		{F433EA01-C56A-4391-916F-AAFDF124FE62}.Release|Any CPU.Build.0 = Release|Any CPU
		{F433EA01-C56A-4391-916F-AAFDF124FE62}.Release|x64.ActiveCfg = Release|Any CPU
		{F433EA01-C56A-4391-916F-AAFDF124FE62}.Release|x64.Build.0 = Release|Any CPU
		{F433EA01-C56A-4391-916F-AAFDF124FE62}.Release|x86.ActiveCfg = Release|Any CPU
		{F433EA01-C56A-4391-916F-AAFDF124FE62}.Release|x86.Build.0 = Release|Any CPU
		{CA83CFFD-24C6-416A-8236-EFA2958D287B}.Debug|Any CPU.ActiveCfg = Debug|Win32
		{CA83CFFD-24C6-416A-8236-EFA2958D287B}.Debug|x64.ActiveCfg = Debug|x64
		{CA83CFFD-24C6-416A-8236-EFA2958D287B}.Debug|x64.Build.0 = Debug|x64
		{CA83CFFD-24C6-416A-8236-EFA2958D287B}.Debug|x86.ActiveCfg = Debug|Win32
		{CA83CFFD-24C6-416A-8236-EFA2958D287B}.Debug|x86.Build.0 = Debug|Win32
		{CA83CFFD-24C6-416A-8236-EFA2958D287B}.Release|Any CPU.ActiveCfg = Release|Win32
		{CA83CFFD-24C6-416A-8236-EFA2958D287B}.Release|x64.ActiveCfg = Release|x64
		{CA83CFFD-24C6-416A-8236-EFA2958D287B}.Release|x64.Build.0 = Release|x64
		{CA83CFFD-24C6-416A-8236-EFA2958D287B}.Release|x86.ActiveCfg = Release|Win32
		{CA83CFFD-24C6-416A-8236-EFA2958D287B}.Release|x86.Build.0 = Release|Win32
	EndGlobalSection
	GlobalSection(SolutionProperties) = preSolution
		HideSolutionNode = FALSE
	EndGlobalSection
	GlobalSection(ExtensibilityGlobals) = postSolution
		SolutionGuid = {BAEF5328-288A-4CCC-99C7-F5C202B20571}
	EndGlobalSection
EndGlobal
