
Microsoft Visual Studio Solution File, Format Version 12.00
# Visual Studio 15
VisualStudioVersion = 15.0.27130.2027
MinimumVisualStudioVersion = 10.0.40219.1
Project("{8BC9CEB8-8B4A-11D0-8D11-00A0C91BC942}") = "ATLCalculator", "ATLCalculator\ATLCalculator.vcxproj", "{E987D418-9A21-4CE7-8F32-51FE071A1D41}"
EndProject
Project("{8BC9CEB8-8B4A-11D0-8D11-00A0C91BC942}") = "ATLCalculatorPS", "ATLCalculatorPS\ATLCalculatorPS.vcxproj", "{9C31176C-324E-40F7-804B-062EA9C17E65}"
	ProjectSection(ProjectDependencies) = postProject
		{E987D418-9A21-4CE7-8F32-51FE071A1D41} = {E987D418-9A21-4CE7-8F32-51FE071A1D41}
	EndProjectSection
EndProject
Project("{8BC9CEB8-8B4A-11D0-8D11-00A0C91BC942}") = "ATLCalculatorTest", "ATLCalculatorTest\ATLCalculatorTest.vcxproj", "{66EF9F23-A38B-4C25-94FE-E2B7C2AC595D}"
EndProject
Global
	GlobalSection(SolutionConfigurationPlatforms) = preSolution
		Debug|x64 = Debug|x64
		Debug|x86 = Debug|x86
		Release|x64 = Release|x64
		Release|x86 = Release|x86
	EndGlobalSection
	GlobalSection(ProjectConfigurationPlatforms) = postSolution
		{E987D418-9A21-4CE7-8F32-51FE071A1D41}.Debug|x64.ActiveCfg = Debug|x64
		{E987D418-9A21-4CE7-8F32-51FE071A1D41}.Debug|x64.Build.0 = Debug|x64
		{E987D418-9A21-4CE7-8F32-51FE071A1D41}.Debug|x86.ActiveCfg = Debug|Win32
		{E987D418-9A21-4CE7-8F32-51FE071A1D41}.Debug|x86.Build.0 = Debug|Win32
		{E987D418-9A21-4CE7-8F32-51FE071A1D41}.Release|x64.ActiveCfg = Release|x64
		{E987D418-9A21-4CE7-8F32-51FE071A1D41}.Release|x64.Build.0 = Release|x64
		{E987D418-9A21-4CE7-8F32-51FE071A1D41}.Release|x86.ActiveCfg = Release|Win32
		{E987D418-9A21-4CE7-8F32-51FE071A1D41}.Release|x86.Build.0 = Release|Win32
		{9C31176C-324E-40F7-804B-062EA9C17E65}.Debug|x64.ActiveCfg = Debug|x64
		{9C31176C-324E-40F7-804B-062EA9C17E65}.Debug|x86.ActiveCfg = Debug|Win32
		{9C31176C-324E-40F7-804B-062EA9C17E65}.Release|x64.ActiveCfg = Release|x64
		{9C31176C-324E-40F7-804B-062EA9C17E65}.Release|x86.ActiveCfg = Release|Win32
		{66EF9F23-A38B-4C25-94FE-E2B7C2AC595D}.Debug|x64.ActiveCfg = Debug|x64
		{66EF9F23-A38B-4C25-94FE-E2B7C2AC595D}.Debug|x64.Build.0 = Debug|x64
		{66EF9F23-A38B-4C25-94FE-E2B7C2AC595D}.Debug|x86.ActiveCfg = Debug|Win32
		{66EF9F23-A38B-4C25-94FE-E2B7C2AC595D}.Debug|x86.Build.0 = Debug|Win32
		{66EF9F23-A38B-4C25-94FE-E2B7C2AC595D}.Release|x64.ActiveCfg = Release|x64
		{66EF9F23-A38B-4C25-94FE-E2B7C2AC595D}.Release|x64.Build.0 = Release|x64
		{66EF9F23-A38B-4C25-94FE-E2B7C2AC595D}.Release|x86.ActiveCfg = Release|Win32
		{66EF9F23-A38B-4C25-94FE-E2B7C2AC595D}.Release|x86.Build.0 = Release|Win32
	EndGlobalSection
	GlobalSection(SolutionProperties) = preSolution
		HideSolutionNode = FALSE
	EndGlobalSection
	GlobalSection(ExtensibilityGlobals) = postSolution
		SolutionGuid = {29FEFA0A-C72C-4375-9B72-6C0A82AA1303}
	EndGlobalSection
EndGlobal
