<?xml version="1.0" encoding="utf-8"?>
<Project ToolsVersion="4.0" xmlns="http://schemas.microsoft.com/developer/msbuild/2003">
  <ItemGroup>
    <Filter Include="Source Files">
      <UniqueIdentifier>{50e28057-5af7-4b00-a563-e814c7ee10ef}</UniqueIdentifier>
    </Filter>
    <Filter Include="Generated Files">
      <UniqueIdentifier>{de27ca61-312b-4fd8-ad94-74867bb93897}</UniqueIdentifier>
      <SourceControlFiles>False</SourceControlFiles>
    </Filter>
  </ItemGroup>
  <ItemGroup>
    <None Include="KPUCalcServerps.def" />
  </ItemGroup>
  <ItemGroup>
    <ClCompile Include="KPUCalcServer_i.c">
      <Filter>Generated Files</Filter>
    </ClCompile>
    <ClCompile Include="KPUCalcServer_p.c">
      <Filter>Generated Files</Filter>
    </ClCompile>
    <ClCompile Include="dlldata.c">
      <Filter>Generated Files</Filter>
    </ClCompile>
  </ItemGroup>
</Project>