
Microsoft Visual Studio Solution File, Format Version 12.00
# Visual Studio 15
VisualStudioVersion = 15.0.27130.2027
MinimumVisualStudioVersion = 10.0.40219.1
Project("{8BC9CEB8-8B4A-11D0-8D11-00A0C91BC942}") = "Lab3COM", "Lab3COM\Lab3COM.vcxproj", "{D1569C5B-997E-42A2-919E-54A3BEB7A823}"
EndProject
Project("{8BC9CEB8-8B4A-11D0-8D11-00A0C91BC942}") = "Lab3COMPS", "Lab3COMPS\Lab3COMPS.vcxproj", "{C5669B25-4273-411E-A7CC-2C9A394EB167}"
	ProjectSection(ProjectDependencies) = postProject
		{D1569C5B-997E-42A2-919E-54A3BEB7A823} = {D1569C5B-997E-42A2-919E-54A3BEB7A823}
	EndProjectSection
EndProject
Global
	GlobalSection(SolutionConfigurationPlatforms) = preSolution
		Debug|x64 = Debug|x64
		Debug|x86 = Debug|x86
		Release|x64 = Release|x64
		Release|x86 = Release|x86
	EndGlobalSection
	GlobalSection(ProjectConfigurationPlatforms) = postSolution
		{D1569C5B-997E-42A2-919E-54A3BEB7A823}.Debug|x64.ActiveCfg = Debug|x64
		{D1569C5B-997E-42A2-919E-54A3BEB7A823}.Debug|x64.Build.0 = Debug|x64
		{D1569C5B-997E-42A2-919E-54A3BEB7A823}.Debug|x86.ActiveCfg = Debug|Win32
		{D1569C5B-997E-42A2-919E-54A3BEB7A823}.Debug|x86.Build.0 = Debug|Win32
		{D1569C5B-997E-42A2-919E-54A3BEB7A823}.Release|x64.ActiveCfg = Release|x64
		{D1569C5B-997E-42A2-919E-54A3BEB7A823}.Release|x64.Build.0 = Release|x64
		{D1569C5B-997E-42A2-919E-54A3BEB7A823}.Release|x86.ActiveCfg = Release|Win32
		{D1569C5B-997E-42A2-919E-54A3BEB7A823}.Release|x86.Build.0 = Release|Win32
		{C5669B25-4273-411E-A7CC-2C9A394EB167}.Debug|x64.ActiveCfg = Debug|x64
		{C5669B25-4273-411E-A7CC-2C9A394EB167}.Debug|x86.ActiveCfg = Debug|Win32
		{C5669B25-4273-411E-A7CC-2C9A394EB167}.Release|x64.ActiveCfg = Release|x64
		{C5669B25-4273-411E-A7CC-2C9A394EB167}.Release|x86.ActiveCfg = Release|Win32
	EndGlobalSection
	GlobalSection(SolutionProperties) = preSolution
		HideSolutionNode = FALSE
	EndGlobalSection
	GlobalSection(ExtensibilityGlobals) = postSolution
		SolutionGuid = {E36052F3-89B9-40E8-9FDF-814CCD7DEFAF}
	EndGlobalSection
EndGlobal
