
Microsoft Visual Studio Solution File, Format Version 12.00
# Visual Studio 2013
VisualStudioVersion = 12.0.30110.0
MinimumVisualStudioVersion = 10.0.40219.1
Project("{FAE04EC0-301F-11D3-BF4B-00C04F79EFBC}") = "Lab1", "Lab1\Lab1.csproj", "{D3016631-707B-4BF1-8057-2EF3ECF6CB36}"
EndProject
Project("{FAE04EC0-301F-11D3-BF4B-00C04F79EFBC}") = "Lab3_ManagedPizVizClient", "ManagedPizVizClient\Lab3_ManagedPizVizClient.csproj", "{0CAA9BAB-50E5-459F-93C2-E56411079FD8}"
EndProject
Project("{2150E333-8FDC-42A3-9474-1A3956D46DE8}") = "Solution Items", "Solution Items", "{3E309BFF-6F21-4B76-B8F0-25C6CDCF2BE2}"
	ProjectSection(SolutionItems) = preProject
		KPU_Lab_PInvokeAndCOMInterop.pdf = KPU_Lab_PInvokeAndCOMInterop.pdf
		Vejledning til løsningsforslaget.pdf = Vejledning til løsningsforslaget.pdf
	EndProjectSection
EndProject
Global
	GlobalSection(SolutionConfigurationPlatforms) = preSolution
		Debug|Any CPU = Debug|Any CPU
		Release|Any CPU = Release|Any CPU
	EndGlobalSection
	GlobalSection(ProjectConfigurationPlatforms) = postSolution
		{D3016631-707B-4BF1-8057-2EF3ECF6CB36}.Debug|Any CPU.ActiveCfg = Debug|Any CPU
		{D3016631-707B-4BF1-8057-2EF3ECF6CB36}.Debug|Any CPU.Build.0 = Debug|Any CPU
		{D3016631-707B-4BF1-8057-2EF3ECF6CB36}.Release|Any CPU.ActiveCfg = Release|Any CPU
		{D3016631-707B-4BF1-8057-2EF3ECF6CB36}.Release|Any CPU.Build.0 = Release|Any CPU
		{0CAA9BAB-50E5-459F-93C2-E56411079FD8}.Debug|Any CPU.ActiveCfg = Debug|Any CPU
		{0CAA9BAB-50E5-459F-93C2-E56411079FD8}.Debug|Any CPU.Build.0 = Debug|Any CPU
		{0CAA9BAB-50E5-459F-93C2-E56411079FD8}.Release|Any CPU.ActiveCfg = Release|Any CPU
		{0CAA9BAB-50E5-459F-93C2-E56411079FD8}.Release|Any CPU.Build.0 = Release|Any CPU
	EndGlobalSection
	GlobalSection(SolutionProperties) = preSolution
		HideSolutionNode = FALSE
	EndGlobalSection
EndGlobal
